
Microsoft Visual Studio Solution File, Format Version 12.00
# Visual Studio Version 17
VisualStudioVersion = 17.9.34723.18
MinimumVisualStudioVersion = 10.0.40219.1
Project("{FAE04EC0-301F-11D3-BF4B-00C04F79EFBC}") = "FunctionExOne", "FunctionExOne\FunctionExOne.csproj", "{1FB0030B-F18D-4245-B012-6F2BB5FF9A83}"
EndProject
Project("{FAE04EC0-301F-11D3-BF4B-00C04F79EFBC}") = "Testing", "Testing\Testing.csproj", "{0FBB833B-535C-4E99-98AD-0D64C7F9FC00}"
EndProject
Global
	GlobalSection(SolutionConfigurationPlatforms) = preSolution
		Debug|Any CPU = Debug|Any CPU
		Release|Any CPU = Release|Any CPU
	EndGlobalSection
	GlobalSection(ProjectConfigurationPlatforms) = postSolution
		{1FB0030B-F18D-4245-B012-6F2BB5FF9A83}.Debug|Any CPU.ActiveCfg = Debug|Any CPU
		{1FB0030B-F18D-4245-B012-6F2BB5FF9A83}.Debug|Any CPU.Build.0 = Debug|Any CPU
		{1FB0030B-F18D-4245-B012-6F2BB5FF9A83}.Release|Any CPU.ActiveCfg = Release|Any CPU
		{1FB0030B-F18D-4245-B012-6F2BB5FF9A83}.Release|Any CPU.Build.0 = Release|Any CPU
		{0FBB833B-535C-4E99-98AD-0D64C7F9FC00}.Debug|Any CPU.ActiveCfg = Debug|Any CPU
		{0FBB833B-535C-4E99-98AD-0D64C7F9FC00}.Debug|Any CPU.Build.0 = Debug|Any CPU
		{0FBB833B-535C-4E99-98AD-0D64C7F9FC00}.Release|Any CPU.ActiveCfg = Release|Any CPU
		{0FBB833B-535C-4E99-98AD-0D64C7F9FC00}.Release|Any CPU.Build.0 = Release|Any CPU
	EndGlobalSection
	GlobalSection(SolutionProperties) = preSolution
		HideSolutionNode = FALSE
	EndGlobalSection
	GlobalSection(ExtensibilityGlobals) = postSolution
		SolutionGuid = {F8B6F079-EAE1-4246-9C11-772A5D8BFB9C}
	EndGlobalSection
EndGlobal
